{
  "version": 4,
  "terraform_version": "1.1.0",
  "serial": 4,
  "lineage": "87ac2091-0f35-6133-17cd-c97961569498",
  "outputs": {},
  "resources": [
    {
      "mode": "managed",
      "type": "google_container_registry",
      "name": "registry",
      "provider": "provider[\"registry.terraform.io/hashicorp/google\"]",
      "instances": [
        {
          "schema_version": 0,
          "attributes": {
            "bucket_self_link": "https://www.googleapis.com/storage/v1/b/artifacts.oidc-experiment-354309.appspot.com",
            "id": "artifacts.oidc-experiment-354309.appspot.com",
            "location": null,
            "project": "oidc-experiment-354309"
          },
          "sensitive_attributes": [],
          "private": "bnVsbA=="
        }
      ]
    },
    {
      "mode": "managed",
      "type": "google_iam_workload_identity_pool",
      "name": "pool",
      "provider": "provider[\"registry.terraform.io/hashicorp/google\"]",
      "instances": [
        {
          "schema_version": 0,
          "attributes": {
            "description": "Pool Created form TF desc",
            "disabled": false,
            "display_name": "Pool Created from TF",
            "id": "projects/oidc-experiment-354309/locations/global/workloadIdentityPools/new-pool-tf",
            "name": "projects/983862741054/locations/global/workloadIdentityPools/new-pool-tf",
            "project": "oidc-experiment-354309",
            "state": "ACTIVE",
            "timeouts": null,
            "workload_identity_pool_id": "new-pool-tf"
          },
          "sensitive_attributes": [],
          "private": "eyJlMmJmYjczMC1lY2FhLTExZTYtOGY4OC0zNDM2M2JjN2M0YzAiOnsiY3JlYXRlIjoxMjAwMDAwMDAwMDAwLCJkZWxldGUiOjEyMDAwMDAwMDAwMDAsInVwZGF0ZSI6MTIwMDAwMDAwMDAwMH19"
        }
      ]
    },
    {
      "mode": "managed",
      "type": "google_iam_workload_identity_pool_provider",
      "name": "provider",
      "provider": "provider[\"registry.terraform.io/hashicorp/google\"]",
      "instances": [
        {
          "schema_version": 0,
          "attributes": {
            "attribute_condition": "",
            "attribute_mapping": {
              "attribute.repository": "assertion.repository",
              "google.subject": "assertion.sub"
            },
            "aws": [],
            "description": "GitHub Actions OIDC identity pool provider ",
            "disabled": false,
            "display_name": "new-pool-tf",
            "id": "projects/oidc-experiment-354309/locations/global/workloadIdentityPools/new-pool-tf/providers/new-pool-tf",
            "name": "projects/983862741054/locations/global/workloadIdentityPools/new-pool-tf/providers/new-pool-tf",
            "oidc": [
              {
                "allowed_audiences": null,
                "issuer_uri": "https://token.actions.githubusercontent.com"
              }
            ],
            "project": "oidc-experiment-354309",
            "state": "ACTIVE",
            "timeouts": null,
            "workload_identity_pool_id": "new-pool-tf",
            "workload_identity_pool_provider_id": "new-pool-tf"
          },
          "sensitive_attributes": [],
          "private": "eyJlMmJmYjczMC1lY2FhLTExZTYtOGY4OC0zNDM2M2JjN2M0YzAiOnsiY3JlYXRlIjoxMjAwMDAwMDAwMDAwLCJkZWxldGUiOjEyMDAwMDAwMDAwMDAsInVwZGF0ZSI6MTIwMDAwMDAwMDAwMH19",
          "dependencies": [
            "google_iam_workload_identity_pool.pool"
          ]
        }
      ]
    }
  ]
}
