{
  "version": 4,
  "terraform_version": "1.1.0",
  "serial": 21,
  "lineage": "87ac2091-0f35-6133-17cd-c97961569498",
  "outputs": {},
  "resources": [
    {
      "mode": "managed",
      "type": "google_container_registry",
      "name": "registry",
      "provider": "provider[\"registry.terraform.io/hashicorp/google\"]",
      "instances": [
        {
          "schema_version": 0,
          "attributes": {
            "bucket_self_link": "https://www.googleapis.com/storage/v1/b/artifacts.oidc-experiment-354309.appspot.com",
            "id": "artifacts.oidc-experiment-354309.appspot.com",
            "location": null,
            "project": "oidc-experiment-354309"
          },
          "sensitive_attributes": [],
          "private": "bnVsbA=="
        }
      ]
    },
    {
      "module": "module.gcp-oidc",
      "mode": "managed",
      "type": "google_iam_workload_identity_pool",
      "name": "pool",
      "provider": "provider[\"registry.terraform.io/hashicorp/google\"]",
      "instances": [
        {
          "schema_version": 0,
          "attributes": {
            "description": "Pool for sandrolex/test-actions",
            "disabled": false,
            "display_name": "Pool for sandrolex/test-actions",
            "id": "projects/oidc-experiment-354309/locations/global/workloadIdentityPools/gha-pool",
            "name": "projects/983862741054/locations/global/workloadIdentityPools/gha-pool",
            "project": "oidc-experiment-354309",
            "state": "ACTIVE",
            "timeouts": null,
            "workload_identity_pool_id": "gha-pool"
          },
          "sensitive_attributes": [],
          "private": "eyJlMmJmYjczMC1lY2FhLTExZTYtOGY4OC0zNDM2M2JjN2M0YzAiOnsiY3JlYXRlIjoxMjAwMDAwMDAwMDAwLCJkZWxldGUiOjEyMDAwMDAwMDAwMDAsInVwZGF0ZSI6MTIwMDAwMDAwMDAwMH19"
        }
      ]
    },
    {
      "module": "module.gcp-oidc",
      "mode": "managed",
      "type": "google_project_iam_member",
      "name": "storage_read",
      "provider": "provider[\"registry.terraform.io/hashicorp/google\"]",
      "instances": [
        {
          "schema_version": 0,
          "attributes": {
            "condition": [],
            "etag": "BwXoyWxtDUU=",
            "id": "oidc-experiment-354309/roles/storage.objectViewer/serviceAccount:s5355d56a2ad4999910bc2f81fde9a@oidc-experiment-354309.iam.gserviceaccount.com",
            "member": "serviceAccount:s5355d56a2ad4999910bc2f81fde9a@oidc-experiment-354309.iam.gserviceaccount.com",
            "project": "oidc-experiment-354309",
            "role": "roles/storage.objectViewer"
          },
          "sensitive_attributes": [],
          "private": "bnVsbA==",
          "dependencies": [
            "module.gcp-oidc.google_service_account.github_actions"
          ]
        }
      ]
    },
    {
      "module": "module.gcp-oidc",
      "mode": "managed",
      "type": "google_service_account",
      "name": "github_actions",
      "provider": "provider[\"registry.terraform.io/hashicorp/google\"]",
      "instances": [
        {
          "schema_version": 0,
          "attributes": {
            "account_id": "s5355d56a2ad4999910bc2f81fde9a",
            "description": "",
            "disabled": false,
            "display_name": "gha oidc sandrolex/test-actions",
            "email": "s5355d56a2ad4999910bc2f81fde9a@oidc-experiment-354309.iam.gserviceaccount.com",
            "id": "projects/oidc-experiment-354309/serviceAccounts/s5355d56a2ad4999910bc2f81fde9a@oidc-experiment-354309.iam.gserviceaccount.com",
            "name": "projects/oidc-experiment-354309/serviceAccounts/s5355d56a2ad4999910bc2f81fde9a@oidc-experiment-354309.iam.gserviceaccount.com",
            "project": "oidc-experiment-354309",
            "timeouts": null,
            "unique_id": "115251946776557511344"
          },
          "sensitive_attributes": [],
          "private": "eyJlMmJmYjczMC1lY2FhLTExZTYtOGY4OC0zNDM2M2JjN2M0YzAiOnsiY3JlYXRlIjozMDAwMDAwMDAwMDB9fQ=="
        }
      ]
    },
    {
      "module": "module.gcp-oidc",
      "mode": "managed",
      "type": "google_service_account_iam_member",
      "name": "wif-sa",
      "provider": "provider[\"registry.terraform.io/hashicorp/google\"]",
      "instances": [
        {
          "schema_version": 0,
          "attributes": {
            "condition": [],
            "etag": "BwXoyWzMUIo=",
            "id": "projects/oidc-experiment-354309/serviceAccounts/s5355d56a2ad4999910bc2f81fde9a@oidc-experiment-354309.iam.gserviceaccount.com/roles/iam.workloadIdentityUser/principalSet://iam.googleapis.com/projects/983862741054/locations/global/workloadIdentityPools/gha-pool/attribute.repository/sandrolex/test-actions",
            "member": "principalSet://iam.googleapis.com/projects/983862741054/locations/global/workloadIdentityPools/gha-pool/attribute.repository/sandrolex/test-actions",
            "role": "roles/iam.workloadIdentityUser",
            "service_account_id": "projects/oidc-experiment-354309/serviceAccounts/s5355d56a2ad4999910bc2f81fde9a@oidc-experiment-354309.iam.gserviceaccount.com"
          },
          "sensitive_attributes": [],
          "private": "bnVsbA==",
          "dependencies": [
            "module.gcp-oidc.google_iam_workload_identity_pool.pool",
            "module.gcp-oidc.google_service_account.github_actions"
          ]
        }
      ]
    }
  ]
}
