{
  "version": 4,
  "terraform_version": "1.1.0",
  "serial": 95,
  "lineage": "87ac2091-0f35-6133-17cd-c97961569498",
  "outputs": {},
  "resources": [
    {
      "mode": "managed",
      "type": "google_container_registry",
      "name": "registry",
      "provider": "provider[\"registry.terraform.io/hashicorp/google\"]",
      "instances": [
        {
          "schema_version": 0,
          "attributes": {
            "bucket_self_link": "https://www.googleapis.com/storage/v1/b/artifacts.oidc-experiment-354309.appspot.com",
            "id": "artifacts.oidc-experiment-354309.appspot.com",
            "location": null,
            "project": "oidc-experiment-354309"
          },
          "sensitive_attributes": [],
          "private": "bnVsbA=="
        }
      ]
    },
    {
      "module": "module.gcp-oidc",
      "mode": "managed",
      "type": "google_iam_workload_identity_pool_provider",
      "name": "provider",
      "provider": "provider[\"registry.terraform.io/hashicorp/google\"]",
      "instances": []
    },
    {
      "module": "module.gcp-oidc",
      "mode": "managed",
      "type": "google_service_account",
      "name": "github_actions",
      "provider": "provider[\"registry.terraform.io/hashicorp/google\"]",
      "instances": [
        {
          "schema_version": 0,
          "attributes": {
            "account_id": "r5355d56a2ad4999910bc2f81fde9a",
            "description": "",
            "disabled": false,
            "display_name": "gha oidc READ sandrolex/test-actions",
            "email": "r5355d56a2ad4999910bc2f81fde9a@oidc-experiment-354309.iam.gserviceaccount.com",
            "id": "projects/oidc-experiment-354309/serviceAccounts/r5355d56a2ad4999910bc2f81fde9a@oidc-experiment-354309.iam.gserviceaccount.com",
            "name": "projects/oidc-experiment-354309/serviceAccounts/r5355d56a2ad4999910bc2f81fde9a@oidc-experiment-354309.iam.gserviceaccount.com",
            "project": "oidc-experiment-354309",
            "timeouts": null,
            "unique_id": "105569767717507488836"
          },
          "sensitive_attributes": [],
          "private": "eyJlMmJmYjczMC1lY2FhLTExZTYtOGY4OC0zNDM2M2JjN2M0YzAiOnsiY3JlYXRlIjozMDAwMDAwMDAwMDB9fQ=="
        }
      ]
    },
    {
      "module": "module.gcp-oidc",
      "mode": "managed",
      "type": "google_service_account_iam_member",
      "name": "wif-sa-branch",
      "provider": "provider[\"registry.terraform.io/hashicorp/google\"]",
      "instances": []
    },
    {
      "module": "module.gcp-oidc",
      "mode": "managed",
      "type": "google_service_account_iam_member",
      "name": "wif-sa-pr",
      "provider": "provider[\"registry.terraform.io/hashicorp/google\"]",
      "instances": []
    },
    {
      "module": "module.gcp-oidc",
      "mode": "managed",
      "type": "google_storage_bucket_iam_member",
      "name": "gcr-write",
      "provider": "provider[\"registry.terraform.io/hashicorp/google\"]",
      "instances": [
        {
          "index_key": 0,
          "schema_version": 0,
          "attributes": {
            "bucket": "b/artifacts.oidc-experiment-354309.appspot.com",
            "condition": [],
            "etag": "CAk=",
            "id": "b/artifacts.oidc-experiment-354309.appspot.com/roles/storage.legacyBucketWriter/serviceAccount:r5355d56a2ad4999910bc2f81fde9a@oidc-experiment-354309.iam.gserviceaccount.com",
            "member": "serviceAccount:r5355d56a2ad4999910bc2f81fde9a@oidc-experiment-354309.iam.gserviceaccount.com",
            "role": "roles/storage.legacyBucketWriter"
          },
          "sensitive_attributes": [],
          "private": "bnVsbA==",
          "dependencies": [
            "module.gcp-oidc.google_service_account.github_actions"
          ]
        }
      ]
    }
  ]
}
